
Microsoft Visual Studio Solution File, Format Version 11.00
# Visual Studio 2010
Project("{FAE04EC0-301F-11D3-BF4B-00C04F79EFBC}") = "Assembly-CSharp", "Assembly-CSharp.csproj", "{68ADD412-B216-287E-682A-431DB4825299}"
EndProject
Project("{FAE04EC0-301F-11D3-BF4B-00C04F79EFBC}") = "Assembly-CSharp-Editor", "Assembly-CSharp-Editor.csproj", "{533FB3E6-4194-05A3-0BF6-2F23BCB0968D}"
EndProject
Global
	GlobalSection(SolutionConfigurationPlatforms) = preSolution
		Debug|Any CPU = Debug|Any CPU
		Release|Any CPU = Release|Any CPU
	EndGlobalSection
	GlobalSection(ProjectConfigurationPlatforms) = postSolution
		{68ADD412-B216-287E-682A-431DB4825299}.Debug|Any CPU.ActiveCfg = Debug|Any CPU
		{68ADD412-B216-287E-682A-431DB4825299}.Debug|Any CPU.Build.0 = Debug|Any CPU
		{68ADD412-B216-287E-682A-431DB4825299}.Release|Any CPU.ActiveCfg = Release|Any CPU
		{68ADD412-B216-287E-682A-431DB4825299}.Release|Any CPU.Build.0 = Release|Any CPU
		{533FB3E6-4194-05A3-0BF6-2F23BCB0968D}.Debug|Any CPU.ActiveCfg = Debug|Any CPU
		{533FB3E6-4194-05A3-0BF6-2F23BCB0968D}.Debug|Any CPU.Build.0 = Debug|Any CPU
		{533FB3E6-4194-05A3-0BF6-2F23BCB0968D}.Release|Any CPU.ActiveCfg = Release|Any CPU
		{533FB3E6-4194-05A3-0BF6-2F23BCB0968D}.Release|Any CPU.Build.0 = Release|Any CPU
	EndGlobalSection
	GlobalSection(SolutionProperties) = preSolution
		HideSolutionNode = FALSE
	EndGlobalSection
	GlobalSection(MonoDevelopProperties) = preSolution
		StartupItem = Assembly-CSharp.csproj
	EndGlobalSection
EndGlobal
